
Microsoft Visual Studio Solution File, Format Version 12.00
# Visual Studio Version 17
VisualStudioVersion = 17.3.32505.426
MinimumVisualStudioVersion = 10.0.40219.1
Project("{FAE04EC0-301F-11D3-BF4B-00C04F79EFBC}") = "ConsoleApp5", "..\ConsoleApp5\ConsoleApp5.csproj", "{E19DAE3A-61C4-4CFD-9351-FE2FBE1CBD6D}"
EndProject
Global
	GlobalSection(SolutionConfigurationPlatforms) = preSolution
		Debug|Any CPU = Debug|Any CPU
		Release|Any CPU = Release|Any CPU
	EndGlobalSection
	GlobalSection(ProjectConfigurationPlatforms) = postSolution
		{E19DAE3A-61C4-4CFD-9351-FE2FBE1CBD6D}.Debug|Any CPU.ActiveCfg = Debug|Any CPU
		{E19DAE3A-61C4-4CFD-9351-FE2FBE1CBD6D}.Debug|Any CPU.Build.0 = Debug|Any CPU
		{E19DAE3A-61C4-4CFD-9351-FE2FBE1CBD6D}.Release|Any CPU.ActiveCfg = Release|Any CPU
		{E19DAE3A-61C4-4CFD-9351-FE2FBE1CBD6D}.Release|Any CPU.Build.0 = Release|Any CPU
	EndGlobalSection
	GlobalSection(SolutionProperties) = preSolution
		HideSolutionNode = FALSE
	EndGlobalSection
	GlobalSection(ExtensibilityGlobals) = postSolution
		SolutionGuid = {5D7BD73A-79EE-4E0B-835E-7EB4728AE773}
	EndGlobalSection
EndGlobal
